
Microsoft Visual Studio Solution File, Format Version 12.00
# Visual Studio Version 17
VisualStudioVersion = 17.1.32328.378
MinimumVisualStudioVersion = 10.0.40219.1
Project("{FAE04EC0-301F-11D3-BF4B-00C04F79EFBC}") = "TradeAPI", "TradeAPI\TradeAPI.csproj", "{49005B0B-99C4-4B7D-92D3-EA7FBFB47A54}"
EndProject
Project("{FAE04EC0-301F-11D3-BF4B-00C04F79EFBC}") = "TradeWPF", "TradeWPF\TradeWPF.csproj", "{9534203B-5CC6-43C1-8FB0-F6D06B896E6D}"
EndProject
Global
	GlobalSection(SolutionConfigurationPlatforms) = preSolution
		Debug|Any CPU = Debug|Any CPU
		Release|Any CPU = Release|Any CPU
	EndGlobalSection
	GlobalSection(ProjectConfigurationPlatforms) = postSolution
		{49005B0B-99C4-4B7D-92D3-EA7FBFB47A54}.Debug|Any CPU.ActiveCfg = Debug|Any CPU
		{49005B0B-99C4-4B7D-92D3-EA7FBFB47A54}.Debug|Any CPU.Build.0 = Debug|Any CPU
		{49005B0B-99C4-4B7D-92D3-EA7FBFB47A54}.Release|Any CPU.ActiveCfg = Release|Any CPU
		{49005B0B-99C4-4B7D-92D3-EA7FBFB47A54}.Release|Any CPU.Build.0 = Release|Any CPU
		{9534203B-5CC6-43C1-8FB0-F6D06B896E6D}.Debug|Any CPU.ActiveCfg = Debug|Any CPU
		{9534203B-5CC6-43C1-8FB0-F6D06B896E6D}.Debug|Any CPU.Build.0 = Debug|Any CPU
		{9534203B-5CC6-43C1-8FB0-F6D06B896E6D}.Release|Any CPU.ActiveCfg = Release|Any CPU
		{9534203B-5CC6-43C1-8FB0-F6D06B896E6D}.Release|Any CPU.Build.0 = Release|Any CPU
	EndGlobalSection
	GlobalSection(SolutionProperties) = preSolution
		HideSolutionNode = FALSE
	EndGlobalSection
	GlobalSection(ExtensibilityGlobals) = postSolution
		SolutionGuid = {D242CFA7-C605-4CF6-8DAE-2E132837621E}
	EndGlobalSection
EndGlobal
